
Microsoft Visual Studio Solution File, Format Version 12.00
Project("{FAE04EC0-301F-11D3-BF4B-00C04F79EFBC}") = "AppSettingsProto", "AppSettingsProto\AppSettingsProto.csproj", "{60204E6D-8534-4A7B-8631-E8977A2B8D46}"
EndProject
Project("{FAE04EC0-301F-11D3-BF4B-00C04F79EFBC}") = "AppSettings", "AppSettings\AppSettings.csproj", "{34B1E0A3-BB58-4348-BF3D-2CBEE9619D37}"
EndProject
Global
	GlobalSection(SolutionConfigurationPlatforms) = preSolution
		Debug|Any CPU = Debug|Any CPU
		Release|Any CPU = Release|Any CPU
	EndGlobalSection
	GlobalSection(ProjectConfigurationPlatforms) = postSolution
		{60204E6D-8534-4A7B-8631-E8977A2B8D46}.Debug|Any CPU.ActiveCfg = Debug|Any CPU
		{60204E6D-8534-4A7B-8631-E8977A2B8D46}.Debug|Any CPU.Build.0 = Debug|Any CPU
		{60204E6D-8534-4A7B-8631-E8977A2B8D46}.Release|Any CPU.ActiveCfg = Release|Any CPU
		{60204E6D-8534-4A7B-8631-E8977A2B8D46}.Release|Any CPU.Build.0 = Release|Any CPU
		{34B1E0A3-BB58-4348-BF3D-2CBEE9619D37}.Debug|Any CPU.ActiveCfg = Debug|Any CPU
		{34B1E0A3-BB58-4348-BF3D-2CBEE9619D37}.Debug|Any CPU.Build.0 = Debug|Any CPU
		{34B1E0A3-BB58-4348-BF3D-2CBEE9619D37}.Release|Any CPU.ActiveCfg = Release|Any CPU
		{34B1E0A3-BB58-4348-BF3D-2CBEE9619D37}.Release|Any CPU.Build.0 = Release|Any CPU
	EndGlobalSection
EndGlobal
